
Microsoft Visual Studio Solution File, Format Version 12.00
# Visual Studio Version 17
VisualStudioVersion = 17.5.33530.505
MinimumVisualStudioVersion = 10.0.40219.1
Project("{FAE04EC0-301F-11D3-BF4B-00C04F79EFBC}") = "GameZone", "GameZone\GameZone.csproj", "{3AC57F79-1995-43C1-9F20-9CD7F24DDF7B}"
EndProject
Global
	GlobalSection(SolutionConfigurationPlatforms) = preSolution
		Debug|Any CPU = Debug|Any CPU
		Release|Any CPU = Release|Any CPU
	EndGlobalSection
	GlobalSection(ProjectConfigurationPlatforms) = postSolution
		{3AC57F79-1995-43C1-9F20-9CD7F24DDF7B}.Debug|Any CPU.ActiveCfg = Debug|Any CPU
		{3AC57F79-1995-43C1-9F20-9CD7F24DDF7B}.Debug|Any CPU.Build.0 = Debug|Any CPU
		{3AC57F79-1995-43C1-9F20-9CD7F24DDF7B}.Release|Any CPU.ActiveCfg = Release|Any CPU
		{3AC57F79-1995-43C1-9F20-9CD7F24DDF7B}.Release|Any CPU.Build.0 = Release|Any CPU
	EndGlobalSection
	GlobalSection(SolutionProperties) = preSolution
		HideSolutionNode = FALSE
	EndGlobalSection
	GlobalSection(ExtensibilityGlobals) = postSolution
		SolutionGuid = {62D993B2-2DB1-415F-A6F9-17D5CADD0BC1}
	EndGlobalSection
EndGlobal
